// !$*UTF8*$!
{
	archiveVersion = 1;
	classes = {
	};
	objectVersion = 56;
	objects = {

/* Begin PBXBuildFile section */
		D26EC0672B5B9D8300DC407B /* UIColorHexSwift in Frameworks */ = {isa = PBXBuildFile; productRef = D26EC0662B5B9D8300DC407B /* UIColorHexSwift */; };
		D26EC06A2B5B9DC600DC407B /* UIColor+Util.swift in Sources */ = {isa = PBXBuildFile; fileRef = D26EC0692B5B9DC600DC407B /* UIColor+Util.swift */; };
		D26EC0722B5BA1A300DC407B /* Localizable.strings in Resources */ = {isa = PBXBuildFile; fileRef = D26EC0712B5BA1A300DC407B /* Localizable.strings */; };
		D2759E5E2B5A7E3400F012BC /* ApiError.swift in Sources */ = {isa = PBXBuildFile; fileRef = D2759E5D2B5A7E3400F012BC /* ApiError.swift */; };
		D2759E602B5A7F9700F012BC /* QiitaRepository.swift in Sources */ = {isa = PBXBuildFile; fileRef = D2759E5F2B5A7F9700F012BC /* QiitaRepository.swift */; };
		D277DAFD2B77C19A00FE2E89 /* ProfileImageView.swift in Sources */ = {isa = PBXBuildFile; fileRef = D277DAFC2B77C19A00FE2E89 /* ProfileImageView.swift */; };
		D28CABC92B7754C500E33C18 /* LoginViewController.swift in Sources */ = {isa = PBXBuildFile; fileRef = D28CABC82B7754C500E33C18 /* LoginViewController.swift */; };
		D28CABCB2B7754CE00E33C18 /* LoginViewModel.swift in Sources */ = {isa = PBXBuildFile; fileRef = D28CABCA2B7754CE00E33C18 /* LoginViewModel.swift */; };
		D28CABCD2B775DA900E33C18 /* AuthRepository.swift in Sources */ = {isa = PBXBuildFile; fileRef = D28CABCC2B775DA900E33C18 /* AuthRepository.swift */; };
		D28CABCF2B775E0E00E33C18 /* AuthModel.swift in Sources */ = {isa = PBXBuildFile; fileRef = D28CABCE2B775E0E00E33C18 /* AuthModel.swift */; };
		D28CABD12B775E5A00E33C18 /* AuthEntity.swift in Sources */ = {isa = PBXBuildFile; fileRef = D28CABD02B775E5A00E33C18 /* AuthEntity.swift */; };
		D28CABD32B775F0300E33C18 /* AuthAPI.swift in Sources */ = {isa = PBXBuildFile; fileRef = D28CABD22B775F0300E33C18 /* AuthAPI.swift */; };
		D28CABD52B7765E800E33C18 /* AuthTokenStore.swift in Sources */ = {isa = PBXBuildFile; fileRef = D28CABD42B7765E800E33C18 /* AuthTokenStore.swift */; };
		D28CABD82B7767DD00E33C18 /* RootViewController.swift in Sources */ = {isa = PBXBuildFile; fileRef = D28CABD72B7767DD00E33C18 /* RootViewController.swift */; };
		D28CABDE2B7799EF00E33C18 /* WaitingViewController.swift in Sources */ = {isa = PBXBuildFile; fileRef = D28CABDD2B7799EF00E33C18 /* WaitingViewController.swift */; };
		D28CABE02B779A1500E33C18 /* ExtraPraisingViewController.swift in Sources */ = {isa = PBXBuildFile; fileRef = D28CABDF2B779A1500E33C18 /* ExtraPraisingViewController.swift */; };
		D28CABE62B779D5B00E33C18 /* MemberModel.swift in Sources */ = {isa = PBXBuildFile; fileRef = D28CABE52B779D5B00E33C18 /* MemberModel.swift */; };
		D28CABE82B779D7C00E33C18 /* MemberListViewModel.swift in Sources */ = {isa = PBXBuildFile; fileRef = D28CABE72B779D7C00E33C18 /* MemberListViewModel.swift */; };
		D28CABEA2B779DBF00E33C18 /* UserRepository.swift in Sources */ = {isa = PBXBuildFile; fileRef = D28CABE92B779DBF00E33C18 /* UserRepository.swift */; };
		D28CABEC2B779DF200E33C18 /* UserAPI.swift in Sources */ = {isa = PBXBuildFile; fileRef = D28CABEB2B779DF200E33C18 /* UserAPI.swift */; };
		D28CABEE2B779E1400E33C18 /* MemberEntity.swift in Sources */ = {isa = PBXBuildFile; fileRef = D28CABED2B779E1400E33C18 /* MemberEntity.swift */; };
		D28CABF52B77B94100E33C18 /* PraisingViewController.swift in Sources */ = {isa = PBXBuildFile; fileRef = D28CABF42B77B94100E33C18 /* PraisingViewController.swift */; };
		D28CABF92B77BB6400E33C18 /* MemberListViewController.swift in Sources */ = {isa = PBXBuildFile; fileRef = D28CABF82B77BB6400E33C18 /* MemberListViewController.swift */; };
		D28CABFB2B77BC2E00E33C18 /* PraisingViewModel.swift in Sources */ = {isa = PBXBuildFile; fileRef = D28CABFA2B77BC2E00E33C18 /* PraisingViewModel.swift */; };
		D28CABFD2B77BC8800E33C18 /* PraisedRepository.swift in Sources */ = {isa = PBXBuildFile; fileRef = D28CABFC2B77BC8800E33C18 /* PraisedRepository.swift */; };
		D2993FD12B5A54AC00B989D9 /* QiitaArticleViewController.swift in Sources */ = {isa = PBXBuildFile; fileRef = D2993FD02B5A54AC00B989D9 /* QiitaArticleViewController.swift */; };
		D2993FD32B5A54B600B989D9 /* QiitaArticleViewModel.swift in Sources */ = {isa = PBXBuildFile; fileRef = D2993FD22B5A54B600B989D9 /* QiitaArticleViewModel.swift */; };
		D2993FDB2B5A63A900B989D9 /* QiitaArticleEntity.swift in Sources */ = {isa = PBXBuildFile; fileRef = D2993FDA2B5A63A900B989D9 /* QiitaArticleEntity.swift */; };
		D2993FDE2B5A63D400B989D9 /* TagEntity.swift in Sources */ = {isa = PBXBuildFile; fileRef = D2993FDD2B5A63D400B989D9 /* TagEntity.swift */; };
		D2993FE02B5A63EB00B989D9 /* UserEntity.swift in Sources */ = {isa = PBXBuildFile; fileRef = D2993FDF2B5A63EB00B989D9 /* UserEntity.swift */; };
		D2993FE32B5A64E000B989D9 /* QiitaArticleModel.swift in Sources */ = {isa = PBXBuildFile; fileRef = D2993FE22B5A64E000B989D9 /* QiitaArticleModel.swift */; };
		D2993FE52B5A64F400B989D9 /* TagModel.swift in Sources */ = {isa = PBXBuildFile; fileRef = D2993FE42B5A64F400B989D9 /* TagModel.swift */; };
		D2993FE72B5A650800B989D9 /* UserModel.swift in Sources */ = {isa = PBXBuildFile; fileRef = D2993FE62B5A650800B989D9 /* UserModel.swift */; };
		D2993FE92B5A654100B989D9 /* Converter.swift in Sources */ = {isa = PBXBuildFile; fileRef = D2993FE82B5A654100B989D9 /* Converter.swift */; };
		D2993FF12B5A6D2B00B989D9 /* EndPoint.swift in Sources */ = {isa = PBXBuildFile; fileRef = D2993FF02B5A6D2B00B989D9 /* EndPoint.swift */; };
		D2993FF32B5A72FB00B989D9 /* QiitaAPI.swift in Sources */ = {isa = PBXBuildFile; fileRef = D2993FF22B5A72FB00B989D9 /* QiitaAPI.swift */; };
		D2AC680D2B5A23CB00EE5D38 /* AppDelegate.swift in Sources */ = {isa = PBXBuildFile; fileRef = D2AC680C2B5A23CB00EE5D38 /* AppDelegate.swift */; };
		D2AC680F2B5A23CB00EE5D38 /* SceneDelegate.swift in Sources */ = {isa = PBXBuildFile; fileRef = D2AC680E2B5A23CB00EE5D38 /* SceneDelegate.swift */; };
		D2AC68112B5A23CB00EE5D38 /* ViewController.swift in Sources */ = {isa = PBXBuildFile; fileRef = D2AC68102B5A23CB00EE5D38 /* ViewController.swift */; };
		D2AC68162B5A23CD00EE5D38 /* Assets.xcassets in Resources */ = {isa = PBXBuildFile; fileRef = D2AC68152B5A23CD00EE5D38 /* Assets.xcassets */; };
		D2AC68192B5A23CD00EE5D38 /* LaunchScreen.storyboard in Resources */ = {isa = PBXBuildFile; fileRef = D2AC68172B5A23CD00EE5D38 /* LaunchScreen.storyboard */; };
		D2AC68242B5A23CD00EE5D38 /* QiitaHackthonAppTests.swift in Sources */ = {isa = PBXBuildFile; fileRef = D2AC68232B5A23CD00EE5D38 /* QiitaHackthonAppTests.swift */; };
		D2AC682E2B5A23CD00EE5D38 /* QiitaHackthonAppUITests.swift in Sources */ = {isa = PBXBuildFile; fileRef = D2AC682D2B5A23CD00EE5D38 /* QiitaHackthonAppUITests.swift */; };
		D2AC68302B5A23CD00EE5D38 /* QiitaHackthonAppUITestsLaunchTests.swift in Sources */ = {isa = PBXBuildFile; fileRef = D2AC682F2B5A23CD00EE5D38 /* QiitaHackthonAppUITestsLaunchTests.swift */; };
		D2DB98182B77D28F0096EB55 /* MemberStatus.swift in Sources */ = {isa = PBXBuildFile; fileRef = D2DB98172B77D28F0096EB55 /* MemberStatus.swift */; };
		EAAB54A92B774C3A00B5E138 /* StackTableViewHeaderFooterView.swift in Sources */ = {isa = PBXBuildFile; fileRef = EAAB54972B774C3A00B5E138 /* StackTableViewHeaderFooterView.swift */; };
		EAAB54AA2B774C3A00B5E138 /* StackButton.swift in Sources */ = {isa = PBXBuildFile; fileRef = EAAB54982B774C3A00B5E138 /* StackButton.swift */; };
		EAAB54AB2B774C3A00B5E138 /* Stack.swift in Sources */ = {isa = PBXBuildFile; fileRef = EAAB54992B774C3A00B5E138 /* Stack.swift */; };
		EAAB54AC2B774C3A00B5E138 /* StackView.swift in Sources */ = {isa = PBXBuildFile; fileRef = EAAB549A2B774C3A00B5E138 /* StackView.swift */; };
		EAAB54AD2B774C3A00B5E138 /* StackCollectionViewCell.swift in Sources */ = {isa = PBXBuildFile; fileRef = EAAB549B2B774C3A00B5E138 /* StackCollectionViewCell.swift */; };
		EAAB54AE2B774C3A00B5E138 /* StackControl.swift in Sources */ = {isa = PBXBuildFile; fileRef = EAAB549C2B774C3A00B5E138 /* StackControl.swift */; };
		EAAB54AF2B774C3A00B5E138 /* StackDebugView.swift in Sources */ = {isa = PBXBuildFile; fileRef = EAAB549D2B774C3A00B5E138 /* StackDebugView.swift */; };
		EAAB54B02B774C3A00B5E138 /* StackTableViewCell.swift in Sources */ = {isa = PBXBuildFile; fileRef = EAAB549E2B774C3A00B5E138 /* StackTableViewCell.swift */; };
		EAAB54B12B774C3A00B5E138 /* StackScrollView.swift in Sources */ = {isa = PBXBuildFile; fileRef = EAAB549F2B774C3A00B5E138 /* StackScrollView.swift */; };
		EAC193502B774E2A0025CF3C /* Comparable+Clamp.swift in Sources */ = {isa = PBXBuildFile; fileRef = EAC1934F2B774E2A0025CF3C /* Comparable+Clamp.swift */; };
		EAC193522B774E450025CF3C /* UIView+Layout.swift in Sources */ = {isa = PBXBuildFile; fileRef = EAC193512B774E450025CF3C /* UIView+Layout.swift */; };
		EAC193582B7752590025CF3C /* Then in Frameworks */ = {isa = PBXBuildFile; productRef = EAC193572B7752590025CF3C /* Then */; };
		EAC1935A2B7755180025CF3C /* Then.swift in Sources */ = {isa = PBXBuildFile; fileRef = EAC193592B7755180025CF3C /* Then.swift */; };
		EAC1935C2B7756B00025CF3C /* PraisedViewController.swift in Sources */ = {isa = PBXBuildFile; fileRef = EAC1935B2B7756B00025CF3C /* PraisedViewController.swift */; };
		EAC1936B2B7768600025CF3C /* Nuke in Frameworks */ = {isa = PBXBuildFile; productRef = EAC1936A2B7768600025CF3C /* Nuke */; };
		EAC1936D2B7768800025CF3C /* UIImageView+Nuke.swift in Sources */ = {isa = PBXBuildFile; fileRef = EAC1936C2B7768800025CF3C /* UIImageView+Nuke.swift */; };
		EAC1936F2B7769690025CF3C /* UIView+CustomAnimation.swift in Sources */ = {isa = PBXBuildFile; fileRef = EAC1936E2B7769690025CF3C /* UIView+CustomAnimation.swift */; };
/* End PBXBuildFile section */

/* Begin PBXContainerItemProxy section */
		D2AC68202B5A23CD00EE5D38 /* PBXContainerItemProxy */ = {
			isa = PBXContainerItemProxy;
			containerPortal = D2AC68012B5A23CB00EE5D38 /* Project object */;
			proxyType = 1;
			remoteGlobalIDString = D2AC68082B5A23CB00EE5D38;
			remoteInfo = QiitaHackthonApp;
		};
		D2AC682A2B5A23CD00EE5D38 /* PBXContainerItemProxy */ = {
			isa = PBXContainerItemProxy;
			containerPortal = D2AC68012B5A23CB00EE5D38 /* Project object */;
			proxyType = 1;
			remoteGlobalIDString = D2AC68082B5A23CB00EE5D38;
			remoteInfo = QiitaHackthonApp;
		};
/* End PBXContainerItemProxy section */

/* Begin PBXFileReference section */
		D26EC0692B5B9DC600DC407B /* UIColor+Util.swift */ = {isa = PBXFileReference; lastKnownFileType = sourcecode.swift; path = "UIColor+Util.swift"; sourceTree = "<group>"; };
		D26EC0712B5BA1A300DC407B /* Localizable.strings */ = {isa = PBXFileReference; lastKnownFileType = text.plist.strings; path = Localizable.strings; sourceTree = "<group>"; };
		D2759E5D2B5A7E3400F012BC /* ApiError.swift */ = {isa = PBXFileReference; lastKnownFileType = sourcecode.swift; path = ApiError.swift; sourceTree = "<group>"; };
		D2759E5F2B5A7F9700F012BC /* QiitaRepository.swift */ = {isa = PBXFileReference; lastKnownFileType = sourcecode.swift; path = QiitaRepository.swift; sourceTree = "<group>"; };
		D277DAFC2B77C19A00FE2E89 /* ProfileImageView.swift */ = {isa = PBXFileReference; lastKnownFileType = sourcecode.swift; path = ProfileImageView.swift; sourceTree = "<group>"; };
		D28CABC82B7754C500E33C18 /* LoginViewController.swift */ = {isa = PBXFileReference; lastKnownFileType = sourcecode.swift; path = LoginViewController.swift; sourceTree = "<group>"; };
		D28CABCA2B7754CE00E33C18 /* LoginViewModel.swift */ = {isa = PBXFileReference; lastKnownFileType = sourcecode.swift; path = LoginViewModel.swift; sourceTree = "<group>"; };
		D28CABCC2B775DA900E33C18 /* AuthRepository.swift */ = {isa = PBXFileReference; lastKnownFileType = sourcecode.swift; path = AuthRepository.swift; sourceTree = "<group>"; };
		D28CABCE2B775E0E00E33C18 /* AuthModel.swift */ = {isa = PBXFileReference; lastKnownFileType = sourcecode.swift; path = AuthModel.swift; sourceTree = "<group>"; };
		D28CABD02B775E5A00E33C18 /* AuthEntity.swift */ = {isa = PBXFileReference; lastKnownFileType = sourcecode.swift; path = AuthEntity.swift; sourceTree = "<group>"; };
		D28CABD22B775F0300E33C18 /* AuthAPI.swift */ = {isa = PBXFileReference; lastKnownFileType = sourcecode.swift; path = AuthAPI.swift; sourceTree = "<group>"; };
		D28CABD42B7765E800E33C18 /* AuthTokenStore.swift */ = {isa = PBXFileReference; lastKnownFileType = sourcecode.swift; path = AuthTokenStore.swift; sourceTree = "<group>"; };
		D28CABD72B7767DD00E33C18 /* RootViewController.swift */ = {isa = PBXFileReference; lastKnownFileType = sourcecode.swift; path = RootViewController.swift; sourceTree = "<group>"; };
		D28CABDD2B7799EF00E33C18 /* WaitingViewController.swift */ = {isa = PBXFileReference; lastKnownFileType = sourcecode.swift; path = WaitingViewController.swift; sourceTree = "<group>"; };
		D28CABDF2B779A1500E33C18 /* ExtraPraisingViewController.swift */ = {isa = PBXFileReference; lastKnownFileType = sourcecode.swift; path = ExtraPraisingViewController.swift; sourceTree = "<group>"; };
		D28CABE52B779D5B00E33C18 /* MemberModel.swift */ = {isa = PBXFileReference; lastKnownFileType = sourcecode.swift; path = MemberModel.swift; sourceTree = "<group>"; };
		D28CABE72B779D7C00E33C18 /* MemberListViewModel.swift */ = {isa = PBXFileReference; lastKnownFileType = sourcecode.swift; path = MemberListViewModel.swift; sourceTree = "<group>"; };
		D28CABE92B779DBF00E33C18 /* UserRepository.swift */ = {isa = PBXFileReference; lastKnownFileType = sourcecode.swift; path = UserRepository.swift; sourceTree = "<group>"; };
		D28CABEB2B779DF200E33C18 /* UserAPI.swift */ = {isa = PBXFileReference; lastKnownFileType = sourcecode.swift; path = UserAPI.swift; sourceTree = "<group>"; };
		D28CABED2B779E1400E33C18 /* MemberEntity.swift */ = {isa = PBXFileReference; lastKnownFileType = sourcecode.swift; path = MemberEntity.swift; sourceTree = "<group>"; };
		D28CABF42B77B94100E33C18 /* PraisingViewController.swift */ = {isa = PBXFileReference; lastKnownFileType = sourcecode.swift; path = PraisingViewController.swift; sourceTree = "<group>"; };
		D28CABF82B77BB6400E33C18 /* MemberListViewController.swift */ = {isa = PBXFileReference; lastKnownFileType = sourcecode.swift; path = MemberListViewController.swift; sourceTree = "<group>"; };
		D28CABFA2B77BC2E00E33C18 /* PraisingViewModel.swift */ = {isa = PBXFileReference; lastKnownFileType = sourcecode.swift; path = PraisingViewModel.swift; sourceTree = "<group>"; };
		D28CABFC2B77BC8800E33C18 /* PraisedRepository.swift */ = {isa = PBXFileReference; lastKnownFileType = sourcecode.swift; path = PraisedRepository.swift; sourceTree = "<group>"; };
		D2993FD02B5A54AC00B989D9 /* QiitaArticleViewController.swift */ = {isa = PBXFileReference; lastKnownFileType = sourcecode.swift; path = QiitaArticleViewController.swift; sourceTree = "<group>"; };
		D2993FD22B5A54B600B989D9 /* QiitaArticleViewModel.swift */ = {isa = PBXFileReference; lastKnownFileType = sourcecode.swift; path = QiitaArticleViewModel.swift; sourceTree = "<group>"; };
		D2993FDA2B5A63A900B989D9 /* QiitaArticleEntity.swift */ = {isa = PBXFileReference; lastKnownFileType = sourcecode.swift; path = QiitaArticleEntity.swift; sourceTree = "<group>"; };
		D2993FDD2B5A63D400B989D9 /* TagEntity.swift */ = {isa = PBXFileReference; lastKnownFileType = sourcecode.swift; path = TagEntity.swift; sourceTree = "<group>"; };
		D2993FDF2B5A63EB00B989D9 /* UserEntity.swift */ = {isa = PBXFileReference; lastKnownFileType = sourcecode.swift; path = UserEntity.swift; sourceTree = "<group>"; };
		D2993FE22B5A64E000B989D9 /* QiitaArticleModel.swift */ = {isa = PBXFileReference; lastKnownFileType = sourcecode.swift; path = QiitaArticleModel.swift; sourceTree = "<group>"; };
		D2993FE42B5A64F400B989D9 /* TagModel.swift */ = {isa = PBXFileReference; lastKnownFileType = sourcecode.swift; path = TagModel.swift; sourceTree = "<group>"; };
		D2993FE62B5A650800B989D9 /* UserModel.swift */ = {isa = PBXFileReference; lastKnownFileType = sourcecode.swift; path = UserModel.swift; sourceTree = "<group>"; };
		D2993FE82B5A654100B989D9 /* Converter.swift */ = {isa = PBXFileReference; lastKnownFileType = sourcecode.swift; path = Converter.swift; sourceTree = "<group>"; };
		D2993FF02B5A6D2B00B989D9 /* EndPoint.swift */ = {isa = PBXFileReference; lastKnownFileType = sourcecode.swift; path = EndPoint.swift; sourceTree = "<group>"; };
		D2993FF22B5A72FB00B989D9 /* QiitaAPI.swift */ = {isa = PBXFileReference; lastKnownFileType = sourcecode.swift; path = QiitaAPI.swift; sourceTree = "<group>"; };
		D2AC68092B5A23CB00EE5D38 /* QiitaHackthonApp.app */ = {isa = PBXFileReference; explicitFileType = wrapper.application; includeInIndex = 0; path = QiitaHackthonApp.app; sourceTree = BUILT_PRODUCTS_DIR; };
		D2AC680C2B5A23CB00EE5D38 /* AppDelegate.swift */ = {isa = PBXFileReference; lastKnownFileType = sourcecode.swift; path = AppDelegate.swift; sourceTree = "<group>"; };
		D2AC680E2B5A23CB00EE5D38 /* SceneDelegate.swift */ = {isa = PBXFileReference; lastKnownFileType = sourcecode.swift; path = SceneDelegate.swift; sourceTree = "<group>"; };
		D2AC68102B5A23CB00EE5D38 /* ViewController.swift */ = {isa = PBXFileReference; lastKnownFileType = sourcecode.swift; path = ViewController.swift; sourceTree = "<group>"; };
		D2AC68152B5A23CD00EE5D38 /* Assets.xcassets */ = {isa = PBXFileReference; lastKnownFileType = folder.assetcatalog; path = Assets.xcassets; sourceTree = "<group>"; };
		D2AC68182B5A23CD00EE5D38 /* Base */ = {isa = PBXFileReference; lastKnownFileType = file.storyboard; name = Base; path = Base.lproj/LaunchScreen.storyboard; sourceTree = "<group>"; };
		D2AC681A2B5A23CD00EE5D38 /* Info.plist */ = {isa = PBXFileReference; lastKnownFileType = text.plist.xml; path = Info.plist; sourceTree = "<group>"; };
		D2AC681F2B5A23CD00EE5D38 /* QiitaHackthonAppTests.xctest */ = {isa = PBXFileReference; explicitFileType = wrapper.cfbundle; includeInIndex = 0; path = QiitaHackthonAppTests.xctest; sourceTree = BUILT_PRODUCTS_DIR; };
		D2AC68232B5A23CD00EE5D38 /* QiitaHackthonAppTests.swift */ = {isa = PBXFileReference; lastKnownFileType = sourcecode.swift; path = QiitaHackthonAppTests.swift; sourceTree = "<group>"; };
		D2AC68292B5A23CD00EE5D38 /* QiitaHackthonAppUITests.xctest */ = {isa = PBXFileReference; explicitFileType = wrapper.cfbundle; includeInIndex = 0; path = QiitaHackthonAppUITests.xctest; sourceTree = BUILT_PRODUCTS_DIR; };
		D2AC682D2B5A23CD00EE5D38 /* QiitaHackthonAppUITests.swift */ = {isa = PBXFileReference; lastKnownFileType = sourcecode.swift; path = QiitaHackthonAppUITests.swift; sourceTree = "<group>"; };
		D2AC682F2B5A23CD00EE5D38 /* QiitaHackthonAppUITestsLaunchTests.swift */ = {isa = PBXFileReference; lastKnownFileType = sourcecode.swift; path = QiitaHackthonAppUITestsLaunchTests.swift; sourceTree = "<group>"; };
		D2DB98172B77D28F0096EB55 /* MemberStatus.swift */ = {isa = PBXFileReference; lastKnownFileType = sourcecode.swift; path = MemberStatus.swift; sourceTree = "<group>"; };
		EAAB54972B774C3A00B5E138 /* StackTableViewHeaderFooterView.swift */ = {isa = PBXFileReference; fileEncoding = 4; lastKnownFileType = sourcecode.swift; path = StackTableViewHeaderFooterView.swift; sourceTree = "<group>"; };
		EAAB54982B774C3A00B5E138 /* StackButton.swift */ = {isa = PBXFileReference; fileEncoding = 4; lastKnownFileType = sourcecode.swift; path = StackButton.swift; sourceTree = "<group>"; };
		EAAB54992B774C3A00B5E138 /* Stack.swift */ = {isa = PBXFileReference; fileEncoding = 4; lastKnownFileType = sourcecode.swift; path = Stack.swift; sourceTree = "<group>"; };
		EAAB549A2B774C3A00B5E138 /* StackView.swift */ = {isa = PBXFileReference; fileEncoding = 4; lastKnownFileType = sourcecode.swift; path = StackView.swift; sourceTree = "<group>"; };
		EAAB549B2B774C3A00B5E138 /* StackCollectionViewCell.swift */ = {isa = PBXFileReference; fileEncoding = 4; lastKnownFileType = sourcecode.swift; path = StackCollectionViewCell.swift; sourceTree = "<group>"; };
		EAAB549C2B774C3A00B5E138 /* StackControl.swift */ = {isa = PBXFileReference; fileEncoding = 4; lastKnownFileType = sourcecode.swift; path = StackControl.swift; sourceTree = "<group>"; };
		EAAB549D2B774C3A00B5E138 /* StackDebugView.swift */ = {isa = PBXFileReference; fileEncoding = 4; lastKnownFileType = sourcecode.swift; path = StackDebugView.swift; sourceTree = "<group>"; };
		EAAB549E2B774C3A00B5E138 /* StackTableViewCell.swift */ = {isa = PBXFileReference; fileEncoding = 4; lastKnownFileType = sourcecode.swift; path = StackTableViewCell.swift; sourceTree = "<group>"; };
		EAAB549F2B774C3A00B5E138 /* StackScrollView.swift */ = {isa = PBXFileReference; fileEncoding = 4; lastKnownFileType = sourcecode.swift; path = StackScrollView.swift; sourceTree = "<group>"; };
		EAC1934F2B774E2A0025CF3C /* Comparable+Clamp.swift */ = {isa = PBXFileReference; fileEncoding = 4; lastKnownFileType = sourcecode.swift; path = "Comparable+Clamp.swift"; sourceTree = "<group>"; };
		EAC193512B774E450025CF3C /* UIView+Layout.swift */ = {isa = PBXFileReference; fileEncoding = 4; lastKnownFileType = sourcecode.swift; path = "UIView+Layout.swift"; sourceTree = "<group>"; };
		EAC193592B7755180025CF3C /* Then.swift */ = {isa = PBXFileReference; lastKnownFileType = sourcecode.swift; path = Then.swift; sourceTree = "<group>"; };
		EAC1935B2B7756B00025CF3C /* PraisedViewController.swift */ = {isa = PBXFileReference; lastKnownFileType = sourcecode.swift; path = PraisedViewController.swift; sourceTree = "<group>"; };
		EAC1936C2B7768800025CF3C /* UIImageView+Nuke.swift */ = {isa = PBXFileReference; lastKnownFileType = sourcecode.swift; path = "UIImageView+Nuke.swift"; sourceTree = "<group>"; };
		EAC1936E2B7769690025CF3C /* UIView+CustomAnimation.swift */ = {isa = PBXFileReference; lastKnownFileType = sourcecode.swift; path = "UIView+CustomAnimation.swift"; sourceTree = "<group>"; };
/* End PBXFileReference section */

/* Begin PBXFrameworksBuildPhase section */
		D2AC68062B5A23CB00EE5D38 /* Frameworks */ = {
			isa = PBXFrameworksBuildPhase;
			buildActionMask = 2147483647;
			files = (
				EAC1936B2B7768600025CF3C /* Nuke in Frameworks */,
				D26EC0672B5B9D8300DC407B /* UIColorHexSwift in Frameworks */,
				EAC193582B7752590025CF3C /* Then in Frameworks */,
			);
			runOnlyForDeploymentPostprocessing = 0;
		};
		D2AC681C2B5A23CD00EE5D38 /* Frameworks */ = {
			isa = PBXFrameworksBuildPhase;
			buildActionMask = 2147483647;
			files = (
			);
			runOnlyForDeploymentPostprocessing = 0;
		};
		D2AC68262B5A23CD00EE5D38 /* Frameworks */ = {
			isa = PBXFrameworksBuildPhase;
			buildActionMask = 2147483647;
			files = (
			);
			runOnlyForDeploymentPostprocessing = 0;
		};
/* End PBXFrameworksBuildPhase section */

/* Begin PBXGroup section */
		D28CABC72B7754A700E33C18 /* Login */ = {
			isa = PBXGroup;
			children = (
				D28CABC82B7754C500E33C18 /* LoginViewController.swift */,
				D28CABCA2B7754CE00E33C18 /* LoginViewModel.swift */,
			);
			path = Login;
			sourceTree = "<group>";
		};
		D28CABD62B7767CE00E33C18 /* Root */ = {
			isa = PBXGroup;
			children = (
				D28CABD72B7767DD00E33C18 /* RootViewController.swift */,
			);
			path = Root;
			sourceTree = "<group>";
		};
		D28CABD92B77990800E33C18 /* Waiting */ = {
			isa = PBXGroup;
			children = (
				D28CABDD2B7799EF00E33C18 /* WaitingViewController.swift */,
			);
			path = Waiting;
			sourceTree = "<group>";
		};
		D28CABDA2B77991F00E33C18 /* Praised */ = {
			isa = PBXGroup;
			children = (
				EAC1935B2B7756B00025CF3C /* PraisedViewController.swift */,
			);
			path = Praised;
			sourceTree = "<group>";
		};
		D28CABDB2B77992B00E33C18 /* Praising */ = {
			isa = PBXGroup;
			children = (
				D28CABF42B77B94100E33C18 /* PraisingViewController.swift */,
				D28CABE72B779D7C00E33C18 /* MemberListViewModel.swift */,
				D28CABF82B77BB6400E33C18 /* MemberListViewController.swift */,
				D28CABFA2B77BC2E00E33C18 /* PraisingViewModel.swift */,
			);
			path = Praising;
			sourceTree = "<group>";
		};
		D28CABDC2B77995100E33C18 /* ExtraPrasing */ = {
			isa = PBXGroup;
			children = (
				D28CABDF2B779A1500E33C18 /* ExtraPraisingViewController.swift */,
			);
			path = ExtraPrasing;
			sourceTree = "<group>";
		};
		D28CABEF2B77A66000E33C18 /* Common */ = {
			isa = PBXGroup;
			children = (
				D277DAFC2B77C19A00FE2E89 /* ProfileImageView.swift */,
			);
			path = Common;
			sourceTree = "<group>";
		};
		D2993FCA2B5A543100B989D9 /* Data */ = {
			isa = PBXGroup;
			children = (
				D2993FE82B5A654100B989D9 /* Converter.swift */,
				D2993FD62B5A55A800B989D9 /* Storage */,
				D2993FCC2B5A544900B989D9 /* Repository */,
				D2993FCB2B5A544100B989D9 /* Network */,
			);
			path = Data;
			sourceTree = "<group>";
		};
		D2993FCB2B5A544100B989D9 /* Network */ = {
			isa = PBXGroup;
			children = (
				D2759E5D2B5A7E3400F012BC /* ApiError.swift */,
				D2993FF22B5A72FB00B989D9 /* QiitaAPI.swift */,
				D28CABEB2B779DF200E33C18 /* UserAPI.swift */,
				D28CABD22B775F0300E33C18 /* AuthAPI.swift */,
				D2993FCD2B5A545200B989D9 /* Entity */,
				D2993FF02B5A6D2B00B989D9 /* EndPoint.swift */,
			);
			path = Network;
			sourceTree = "<group>";
		};
		D2993FCC2B5A544900B989D9 /* Repository */ = {
			isa = PBXGroup;
			children = (
				D2759E5F2B5A7F9700F012BC /* QiitaRepository.swift */,
				D28CABCC2B775DA900E33C18 /* AuthRepository.swift */,
				D28CABE92B779DBF00E33C18 /* UserRepository.swift */,
				D28CABFC2B77BC8800E33C18 /* PraisedRepository.swift */,
			);
			path = Repository;
			sourceTree = "<group>";
		};
		D2993FCD2B5A545200B989D9 /* Entity */ = {
			isa = PBXGroup;
			children = (
				D28CABD02B775E5A00E33C18 /* AuthEntity.swift */,
				D2993FDA2B5A63A900B989D9 /* QiitaArticleEntity.swift */,
				D28CABED2B779E1400E33C18 /* MemberEntity.swift */,
				D2993FDF2B5A63EB00B989D9 /* UserEntity.swift */,
				D2993FDD2B5A63D400B989D9 /* TagEntity.swift */,
			);
			path = Entity;
			sourceTree = "<group>";
		};
		D2993FCE2B5A548E00B989D9 /* Presentation */ = {
			isa = PBXGroup;
			children = (
				D28CABEF2B77A66000E33C18 /* Common */,
				EAC193552B7751040025CF3C /* Main */,
				D28CABD62B7767CE00E33C18 /* Root */,
				D28CABC72B7754A700E33C18 /* Login */,
				D2993FD42B5A54D700B989D9 /* Utility */,
				D2993FCF2B5A549C00B989D9 /* QiitaArticle */,
			);
			path = Presentation;
			sourceTree = "<group>";
		};
		D2993FCF2B5A549C00B989D9 /* QiitaArticle */ = {
			isa = PBXGroup;
			children = (
				D2993FD02B5A54AC00B989D9 /* QiitaArticleViewController.swift */,
				D2993FD22B5A54B600B989D9 /* QiitaArticleViewModel.swift */,
			);
			path = QiitaArticle;
			sourceTree = "<group>";
		};
		D2993FD42B5A54D700B989D9 /* Utility */ = {
			isa = PBXGroup;
			children = (
				D2993FD52B5A54EA00B989D9 /* Extension */,
			);
			path = Utility;
			sourceTree = "<group>";
		};
		D2993FD52B5A54EA00B989D9 /* Extension */ = {
			isa = PBXGroup;
			children = (
				D26EC0692B5B9DC600DC407B /* UIColor+Util.swift */,
			);
			path = Extension;
			sourceTree = "<group>";
		};
		D2993FD62B5A55A800B989D9 /* Storage */ = {
			isa = PBXGroup;
			children = (
				D28CABD42B7765E800E33C18 /* AuthTokenStore.swift */,
			);
			path = Storage;
			sourceTree = "<group>";
		};
		D2993FD92B5A585700B989D9 /* Resource */ = {
			isa = PBXGroup;
			children = (
				D2AC681A2B5A23CD00EE5D38 /* Info.plist */,
				D2AC68152B5A23CD00EE5D38 /* Assets.xcassets */,
				D26EC0712B5BA1A300DC407B /* Localizable.strings */,
			);
			path = Resource;
			sourceTree = "<group>";
		};
		D2993FE12B5A64C800B989D9 /* Model */ = {
			isa = PBXGroup;
			children = (
				D2993FE22B5A64E000B989D9 /* QiitaArticleModel.swift */,
				D2993FE62B5A650800B989D9 /* UserModel.swift */,
				D2993FE42B5A64F400B989D9 /* TagModel.swift */,
				D2DB98172B77D28F0096EB55 /* MemberStatus.swift */,
				D28CABE52B779D5B00E33C18 /* MemberModel.swift */,
				D28CABCE2B775E0E00E33C18 /* AuthModel.swift */,
			);
			path = Model;
			sourceTree = "<group>";
		};
		D2AC68002B5A23CB00EE5D38 = {
			isa = PBXGroup;
			children = (
				D2AC680B2B5A23CB00EE5D38 /* QiitaHackthonApp */,
				D2AC68222B5A23CD00EE5D38 /* QiitaHackthonAppTests */,
				D2AC682C2B5A23CD00EE5D38 /* QiitaHackthonAppUITests */,
				D2AC680A2B5A23CB00EE5D38 /* Products */,
			);
			sourceTree = "<group>";
		};
		D2AC680A2B5A23CB00EE5D38 /* Products */ = {
			isa = PBXGroup;
			children = (
				D2AC68092B5A23CB00EE5D38 /* QiitaHackthonApp.app */,
				D2AC681F2B5A23CD00EE5D38 /* QiitaHackthonAppTests.xctest */,
				D2AC68292B5A23CD00EE5D38 /* QiitaHackthonAppUITests.xctest */,
			);
			name = Products;
			sourceTree = "<group>";
		};
		D2AC680B2B5A23CB00EE5D38 /* QiitaHackthonApp */ = {
			isa = PBXGroup;
			children = (
				EAAB548C2B774C0100B5E138 /* Util */,
				D2993FE12B5A64C800B989D9 /* Model */,
				D2AC680C2B5A23CB00EE5D38 /* AppDelegate.swift */,
				D2993FD92B5A585700B989D9 /* Resource */,
				D2993FCA2B5A543100B989D9 /* Data */,
				D2AC680E2B5A23CB00EE5D38 /* SceneDelegate.swift */,
				D2993FCE2B5A548E00B989D9 /* Presentation */,
				D2AC68102B5A23CB00EE5D38 /* ViewController.swift */,
				D2AC68172B5A23CD00EE5D38 /* LaunchScreen.storyboard */,
			);
			path = QiitaHackthonApp;
			sourceTree = "<group>";
		};
		D2AC68222B5A23CD00EE5D38 /* QiitaHackthonAppTests */ = {
			isa = PBXGroup;
			children = (
				D2AC68232B5A23CD00EE5D38 /* QiitaHackthonAppTests.swift */,
			);
			path = QiitaHackthonAppTests;
			sourceTree = "<group>";
		};
		D2AC682C2B5A23CD00EE5D38 /* QiitaHackthonAppUITests */ = {
			isa = PBXGroup;
			children = (
				D2AC682D2B5A23CD00EE5D38 /* QiitaHackthonAppUITests.swift */,
				D2AC682F2B5A23CD00EE5D38 /* QiitaHackthonAppUITestsLaunchTests.swift */,
			);
			path = QiitaHackthonAppUITests;
			sourceTree = "<group>";
		};
		EAAB548C2B774C0100B5E138 /* Util */ = {
			isa = PBXGroup;
			children = (
				EAC193592B7755180025CF3C /* Then.swift */,
				EAC193512B774E450025CF3C /* UIView+Layout.swift */,
				EAC1934F2B774E2A0025CF3C /* Comparable+Clamp.swift */,
				EAAB54962B774C3A00B5E138 /* CoconiStack */,
				EAC1936C2B7768800025CF3C /* UIImageView+Nuke.swift */,
				EAC1936E2B7769690025CF3C /* UIView+CustomAnimation.swift */,
			);
			path = Util;
			sourceTree = "<group>";
		};
		EAAB54962B774C3A00B5E138 /* CoconiStack */ = {
			isa = PBXGroup;
			children = (
				EAAB54972B774C3A00B5E138 /* StackTableViewHeaderFooterView.swift */,
				EAAB54982B774C3A00B5E138 /* StackButton.swift */,
				EAAB54992B774C3A00B5E138 /* Stack.swift */,
				EAAB549A2B774C3A00B5E138 /* StackView.swift */,
				EAAB549B2B774C3A00B5E138 /* StackCollectionViewCell.swift */,
				EAAB549C2B774C3A00B5E138 /* StackControl.swift */,
				EAAB549D2B774C3A00B5E138 /* StackDebugView.swift */,
				EAAB549E2B774C3A00B5E138 /* StackTableViewCell.swift */,
				EAAB549F2B774C3A00B5E138 /* StackScrollView.swift */,
			);
			path = CoconiStack;
			sourceTree = "<group>";
		};
		EAC193552B7751040025CF3C /* Main */ = {
			isa = PBXGroup;
			children = (
				D28CABDC2B77995100E33C18 /* ExtraPrasing */,
				D28CABDB2B77992B00E33C18 /* Praising */,
				D28CABDA2B77991F00E33C18 /* Praised */,
				D28CABD92B77990800E33C18 /* Waiting */,
			);
			path = Main;
			sourceTree = "<group>";
		};
/* End PBXGroup section */

/* Begin PBXNativeTarget section */
		D2AC68082B5A23CB00EE5D38 /* QiitaHackthonApp */ = {
			isa = PBXNativeTarget;
			buildConfigurationList = D2AC68332B5A23CD00EE5D38 /* Build configuration list for PBXNativeTarget "QiitaHackthonApp" */;
			buildPhases = (
				D2AC68052B5A23CB00EE5D38 /* Sources */,
				D2AC68062B5A23CB00EE5D38 /* Frameworks */,
				D2AC68072B5A23CB00EE5D38 /* Resources */,
			);
			buildRules = (
			);
			dependencies = (
			);
			name = QiitaHackthonApp;
			packageProductDependencies = (
				D26EC0662B5B9D8300DC407B /* UIColorHexSwift */,
				EAC193572B7752590025CF3C /* Then */,
				EAC1936A2B7768600025CF3C /* Nuke */,
			);
			productName = QiitaHackthonApp;
			productReference = D2AC68092B5A23CB00EE5D38 /* QiitaHackthonApp.app */;
			productType = "com.apple.product-type.application";
		};
		D2AC681E2B5A23CD00EE5D38 /* QiitaHackthonAppTests */ = {
			isa = PBXNativeTarget;
			buildConfigurationList = D2AC68362B5A23CD00EE5D38 /* Build configuration list for PBXNativeTarget "QiitaHackthonAppTests" */;
			buildPhases = (
				D2AC681B2B5A23CD00EE5D38 /* Sources */,
				D2AC681C2B5A23CD00EE5D38 /* Frameworks */,
				D2AC681D2B5A23CD00EE5D38 /* Resources */,
			);
			buildRules = (
			);
			dependencies = (
				D2AC68212B5A23CD00EE5D38 /* PBXTargetDependency */,
			);
			name = QiitaHackthonAppTests;
			productName = QiitaHackthonAppTests;
			productReference = D2AC681F2B5A23CD00EE5D38 /* QiitaHackthonAppTests.xctest */;
			productType = "com.apple.product-type.bundle.unit-test";
		};
		D2AC68282B5A23CD00EE5D38 /* QiitaHackthonAppUITests */ = {
			isa = PBXNativeTarget;
			buildConfigurationList = D2AC68392B5A23CD00EE5D38 /* Build configuration list for PBXNativeTarget "QiitaHackthonAppUITests" */;
			buildPhases = (
				D2AC68252B5A23CD00EE5D38 /* Sources */,
				D2AC68262B5A23CD00EE5D38 /* Frameworks */,
				D2AC68272B5A23CD00EE5D38 /* Resources */,
			);
			buildRules = (
			);
			dependencies = (
				D2AC682B2B5A23CD00EE5D38 /* PBXTargetDependency */,
			);
			name = QiitaHackthonAppUITests;
			productName = QiitaHackthonAppUITests;
			productReference = D2AC68292B5A23CD00EE5D38 /* QiitaHackthonAppUITests.xctest */;
			productType = "com.apple.product-type.bundle.ui-testing";
		};
/* End PBXNativeTarget section */

/* Begin PBXProject section */
		D2AC68012B5A23CB00EE5D38 /* Project object */ = {
			isa = PBXProject;
			attributes = {
				BuildIndependentTargetsInParallel = 1;
				LastSwiftUpdateCheck = 1500;
				LastUpgradeCheck = 1500;
				TargetAttributes = {
					D2AC68082B5A23CB00EE5D38 = {
						CreatedOnToolsVersion = 15.0.1;
					};
					D2AC681E2B5A23CD00EE5D38 = {
						CreatedOnToolsVersion = 15.0.1;
						TestTargetID = D2AC68082B5A23CB00EE5D38;
					};
					D2AC68282B5A23CD00EE5D38 = {
						CreatedOnToolsVersion = 15.0.1;
						TestTargetID = D2AC68082B5A23CB00EE5D38;
					};
				};
			};
			buildConfigurationList = D2AC68042B5A23CB00EE5D38 /* Build configuration list for PBXProject "QiitaHackthonApp" */;
			compatibilityVersion = "Xcode 14.0";
			developmentRegion = en;
			hasScannedForEncodings = 0;
			knownRegions = (
				en,
				Base,
			);
			mainGroup = D2AC68002B5A23CB00EE5D38;
			packageReferences = (
				D26EC0652B5B9D8300DC407B /* XCRemoteSwiftPackageReference "UIColor-Hex-Swift" */,
				EAC193562B7752590025CF3C /* XCRemoteSwiftPackageReference "Then" */,
				EAC193692B7768600025CF3C /* XCRemoteSwiftPackageReference "Nuke" */,
			);
			productRefGroup = D2AC680A2B5A23CB00EE5D38 /* Products */;
			projectDirPath = "";
			projectRoot = "";
			targets = (
				D2AC68082B5A23CB00EE5D38 /* QiitaHackthonApp */,
				D2AC681E2B5A23CD00EE5D38 /* QiitaHackthonAppTests */,
				D2AC68282B5A23CD00EE5D38 /* QiitaHackthonAppUITests */,
			);
		};
/* End PBXProject section */

/* Begin PBXResourcesBuildPhase section */
		D2AC68072B5A23CB00EE5D38 /* Resources */ = {
			isa = PBXResourcesBuildPhase;
			buildActionMask = 2147483647;
			files = (
				D2AC68192B5A23CD00EE5D38 /* LaunchScreen.storyboard in Resources */,
				D26EC0722B5BA1A300DC407B /* Localizable.strings in Resources */,
				D2AC68162B5A23CD00EE5D38 /* Assets.xcassets in Resources */,
			);
			runOnlyForDeploymentPostprocessing = 0;
		};
		D2AC681D2B5A23CD00EE5D38 /* Resources */ = {
			isa = PBXResourcesBuildPhase;
			buildActionMask = 2147483647;
			files = (
			);
			runOnlyForDeploymentPostprocessing = 0;
		};
		D2AC68272B5A23CD00EE5D38 /* Resources */ = {
			isa = PBXResourcesBuildPhase;
			buildActionMask = 2147483647;
			files = (
			);
			runOnlyForDeploymentPostprocessing = 0;
		};
/* End PBXResourcesBuildPhase section */

/* Begin PBXSourcesBuildPhase section */
		D2AC68052B5A23CB00EE5D38 /* Sources */ = {
			isa = PBXSourcesBuildPhase;
			buildActionMask = 2147483647;
			files = (
				D2993FD12B5A54AC00B989D9 /* QiitaArticleViewController.swift in Sources */,
				D2AC68112B5A23CB00EE5D38 /* ViewController.swift in Sources */,
				D28CABD82B7767DD00E33C18 /* RootViewController.swift in Sources */,
				D2993FE52B5A64F400B989D9 /* TagModel.swift in Sources */,
				D277DAFD2B77C19A00FE2E89 /* ProfileImageView.swift in Sources */,
				D2993FF12B5A6D2B00B989D9 /* EndPoint.swift in Sources */,
				EAAB54AE2B774C3A00B5E138 /* StackControl.swift in Sources */,
				D28CABC92B7754C500E33C18 /* LoginViewController.swift in Sources */,
				EAAB54AA2B774C3A00B5E138 /* StackButton.swift in Sources */,
				EAC1936F2B7769690025CF3C /* UIView+CustomAnimation.swift in Sources */,
				D28CABE82B779D7C00E33C18 /* MemberListViewModel.swift in Sources */,
				D28CABF52B77B94100E33C18 /* PraisingViewController.swift in Sources */,
				D28CABD12B775E5A00E33C18 /* AuthEntity.swift in Sources */,
				D2AC680D2B5A23CB00EE5D38 /* AppDelegate.swift in Sources */,
				D28CABCB2B7754CE00E33C18 /* LoginViewModel.swift in Sources */,
				D2AC680F2B5A23CB00EE5D38 /* SceneDelegate.swift in Sources */,
				D2993FF32B5A72FB00B989D9 /* QiitaAPI.swift in Sources */,
				D2993FE32B5A64E000B989D9 /* QiitaArticleModel.swift in Sources */,
				D28CABEC2B779DF200E33C18 /* UserAPI.swift in Sources */,
				D26EC06A2B5B9DC600DC407B /* UIColor+Util.swift in Sources */,
				D28CABFD2B77BC8800E33C18 /* PraisedRepository.swift in Sources */,
				D28CABCF2B775E0E00E33C18 /* AuthModel.swift in Sources */,
				D2759E602B5A7F9700F012BC /* QiitaRepository.swift in Sources */,
				EAC193522B774E450025CF3C /* UIView+Layout.swift in Sources */,
				D2759E5E2B5A7E3400F012BC /* ApiError.swift in Sources */,
				D28CABF92B77BB6400E33C18 /* MemberListViewController.swift in Sources */,
				D2993FDE2B5A63D400B989D9 /* TagEntity.swift in Sources */,
				D2993FDB2B5A63A900B989D9 /* QiitaArticleEntity.swift in Sources */,
				D28CABE02B779A1500E33C18 /* ExtraPraisingViewController.swift in Sources */,
				D28CABD32B775F0300E33C18 /* AuthAPI.swift in Sources */,
				D2DB98182B77D28F0096EB55 /* MemberStatus.swift in Sources */,
				D2993FD32B5A54B600B989D9 /* QiitaArticleViewModel.swift in Sources */,
				EAAB54B02B774C3A00B5E138 /* StackTableViewCell.swift in Sources */,
				EAAB54AF2B774C3A00B5E138 /* StackDebugView.swift in Sources */,
				EAAB54A92B774C3A00B5E138 /* StackTableViewHeaderFooterView.swift in Sources */,
				EAAB54AB2B774C3A00B5E138 /* Stack.swift in Sources */,
				D28CABE62B779D5B00E33C18 /* MemberModel.swift in Sources */,
				EAC1936D2B7768800025CF3C /* UIImageView+Nuke.swift in Sources */,
				EAAB54AD2B774C3A00B5E138 /* StackCollectionViewCell.swift in Sources */,
				D28CABCD2B775DA900E33C18 /* AuthRepository.swift in Sources */,
				D28CABEE2B779E1400E33C18 /* MemberEntity.swift in Sources */,
				D28CABD52B7765E800E33C18 /* AuthTokenStore.swift in Sources */,
				D2993FE02B5A63EB00B989D9 /* UserEntity.swift in Sources */,
				D2993FE92B5A654100B989D9 /* Converter.swift in Sources */,
				EAAB54B12B774C3A00B5E138 /* StackScrollView.swift in Sources */,
				D28CABDE2B7799EF00E33C18 /* WaitingViewController.swift in Sources */,
				EAC193502B774E2A0025CF3C /* Comparable+Clamp.swift in Sources */,
				D2993FE72B5A650800B989D9 /* UserModel.swift in Sources */,
				EAC1935C2B7756B00025CF3C /* PraisedViewController.swift in Sources */,
				EAC1935A2B7755180025CF3C /* Then.swift in Sources */,
				D28CABEA2B779DBF00E33C18 /* UserRepository.swift in Sources */,
				EAAB54AC2B774C3A00B5E138 /* StackView.swift in Sources */,
				D28CABFB2B77BC2E00E33C18 /* PraisingViewModel.swift in Sources */,
			);
			runOnlyForDeploymentPostprocessing = 0;
		};
		D2AC681B2B5A23CD00EE5D38 /* Sources */ = {
			isa = PBXSourcesBuildPhase;
			buildActionMask = 2147483647;
			files = (
				D2AC68242B5A23CD00EE5D38 /* QiitaHackthonAppTests.swift in Sources */,
			);
			runOnlyForDeploymentPostprocessing = 0;
		};
		D2AC68252B5A23CD00EE5D38 /* Sources */ = {
			isa = PBXSourcesBuildPhase;
			buildActionMask = 2147483647;
			files = (
				D2AC682E2B5A23CD00EE5D38 /* QiitaHackthonAppUITests.swift in Sources */,
				D2AC68302B5A23CD00EE5D38 /* QiitaHackthonAppUITestsLaunchTests.swift in Sources */,
			);
			runOnlyForDeploymentPostprocessing = 0;
		};
/* End PBXSourcesBuildPhase section */

/* Begin PBXTargetDependency section */
		D2AC68212B5A23CD00EE5D38 /* PBXTargetDependency */ = {
			isa = PBXTargetDependency;
			target = D2AC68082B5A23CB00EE5D38 /* QiitaHackthonApp */;
			targetProxy = D2AC68202B5A23CD00EE5D38 /* PBXContainerItemProxy */;
		};
		D2AC682B2B5A23CD00EE5D38 /* PBXTargetDependency */ = {
			isa = PBXTargetDependency;
			target = D2AC68082B5A23CB00EE5D38 /* QiitaHackthonApp */;
			targetProxy = D2AC682A2B5A23CD00EE5D38 /* PBXContainerItemProxy */;
		};
/* End PBXTargetDependency section */

/* Begin PBXVariantGroup section */
		D2AC68172B5A23CD00EE5D38 /* LaunchScreen.storyboard */ = {
			isa = PBXVariantGroup;
			children = (
				D2AC68182B5A23CD00EE5D38 /* Base */,
			);
			name = LaunchScreen.storyboard;
			sourceTree = "<group>";
		};
/* End PBXVariantGroup section */

/* Begin XCBuildConfiguration section */
		D2AC68312B5A23CD00EE5D38 /* Debug */ = {
			isa = XCBuildConfiguration;
			buildSettings = {
				ALWAYS_SEARCH_USER_PATHS = NO;
				ASSETCATALOG_COMPILER_GENERATE_SWIFT_ASSET_SYMBOL_EXTENSIONS = YES;
				CLANG_ANALYZER_NONNULL = YES;
				CLANG_ANALYZER_NUMBER_OBJECT_CONVERSION = YES_AGGRESSIVE;
				CLANG_CXX_LANGUAGE_STANDARD = "gnu++20";
				CLANG_ENABLE_MODULES = YES;
				CLANG_ENABLE_OBJC_ARC = YES;
				CLANG_ENABLE_OBJC_WEAK = YES;
				CLANG_WARN_BLOCK_CAPTURE_AUTORELEASING = YES;
				CLANG_WARN_BOOL_CONVERSION = YES;
				CLANG_WARN_COMMA = YES;
				CLANG_WARN_CONSTANT_CONVERSION = YES;
				CLANG_WARN_DEPRECATED_OBJC_IMPLEMENTATIONS = YES;
				CLANG_WARN_DIRECT_OBJC_ISA_USAGE = YES_ERROR;
				CLANG_WARN_DOCUMENTATION_COMMENTS = YES;
				CLANG_WARN_EMPTY_BODY = YES;
				CLANG_WARN_ENUM_CONVERSION = YES;
				CLANG_WARN_INFINITE_RECURSION = YES;
				CLANG_WARN_INT_CONVERSION = YES;
				CLANG_WARN_NON_LITERAL_NULL_CONVERSION = YES;
				CLANG_WARN_OBJC_IMPLICIT_RETAIN_SELF = YES;
				CLANG_WARN_OBJC_LITERAL_CONVERSION = YES;
				CLANG_WARN_OBJC_ROOT_CLASS = YES_ERROR;
				CLANG_WARN_QUOTED_INCLUDE_IN_FRAMEWORK_HEADER = YES;
				CLANG_WARN_RANGE_LOOP_ANALYSIS = YES;
				CLANG_WARN_STRICT_PROTOTYPES = YES;
				CLANG_WARN_SUSPICIOUS_MOVE = YES;
				CLANG_WARN_UNGUARDED_AVAILABILITY = YES_AGGRESSIVE;
				CLANG_WARN_UNREACHABLE_CODE = YES;
				CLANG_WARN__DUPLICATE_METHOD_MATCH = YES;
				COPY_PHASE_STRIP = NO;
				DEBUG_INFORMATION_FORMAT = dwarf;
				ENABLE_STRICT_OBJC_MSGSEND = YES;
				ENABLE_TESTABILITY = YES;
				ENABLE_USER_SCRIPT_SANDBOXING = YES;
				GCC_C_LANGUAGE_STANDARD = gnu17;
				GCC_DYNAMIC_NO_PIC = NO;
				GCC_NO_COMMON_BLOCKS = YES;
				GCC_OPTIMIZATION_LEVEL = 0;
				GCC_PREPROCESSOR_DEFINITIONS = (
					"DEBUG=1",
					"$(inherited)",
				);
				GCC_WARN_64_TO_32_BIT_CONVERSION = YES;
				GCC_WARN_ABOUT_RETURN_TYPE = YES_ERROR;
				GCC_WARN_UNDECLARED_SELECTOR = YES;
				GCC_WARN_UNINITIALIZED_AUTOS = YES_AGGRESSIVE;
				GCC_WARN_UNUSED_FUNCTION = YES;
				GCC_WARN_UNUSED_VARIABLE = YES;
				IPHONEOS_DEPLOYMENT_TARGET = 17.0;
				LOCALIZATION_PREFERS_STRING_CATALOGS = YES;
				MTL_ENABLE_DEBUG_INFO = INCLUDE_SOURCE;
				MTL_FAST_MATH = YES;
				ONLY_ACTIVE_ARCH = YES;
				SDKROOT = iphoneos;
				SWIFT_ACTIVE_COMPILATION_CONDITIONS = "DEBUG $(inherited)";
				SWIFT_OPTIMIZATION_LEVEL = "-Onone";
			};
			name = Debug;
		};
		D2AC68322B5A23CD00EE5D38 /* Release */ = {
			isa = XCBuildConfiguration;
			buildSettings = {
				ALWAYS_SEARCH_USER_PATHS = NO;
				ASSETCATALOG_COMPILER_GENERATE_SWIFT_ASSET_SYMBOL_EXTENSIONS = YES;
				CLANG_ANALYZER_NONNULL = YES;
				CLANG_ANALYZER_NUMBER_OBJECT_CONVERSION = YES_AGGRESSIVE;
				CLANG_CXX_LANGUAGE_STANDARD = "gnu++20";
				CLANG_ENABLE_MODULES = YES;
				CLANG_ENABLE_OBJC_ARC = YES;
				CLANG_ENABLE_OBJC_WEAK = YES;
				CLANG_WARN_BLOCK_CAPTURE_AUTORELEASING = YES;
				CLANG_WARN_BOOL_CONVERSION = YES;
				CLANG_WARN_COMMA = YES;
				CLANG_WARN_CONSTANT_CONVERSION = YES;
				CLANG_WARN_DEPRECATED_OBJC_IMPLEMENTATIONS = YES;
				CLANG_WARN_DIRECT_OBJC_ISA_USAGE = YES_ERROR;
				CLANG_WARN_DOCUMENTATION_COMMENTS = YES;
				CLANG_WARN_EMPTY_BODY = YES;
				CLANG_WARN_ENUM_CONVERSION = YES;
				CLANG_WARN_INFINITE_RECURSION = YES;
				CLANG_WARN_INT_CONVERSION = YES;
				CLANG_WARN_NON_LITERAL_NULL_CONVERSION = YES;
				CLANG_WARN_OBJC_IMPLICIT_RETAIN_SELF = YES;
				CLANG_WARN_OBJC_LITERAL_CONVERSION = YES;
				CLANG_WARN_OBJC_ROOT_CLASS = YES_ERROR;
				CLANG_WARN_QUOTED_INCLUDE_IN_FRAMEWORK_HEADER = YES;
				CLANG_WARN_RANGE_LOOP_ANALYSIS = YES;
				CLANG_WARN_STRICT_PROTOTYPES = YES;
				CLANG_WARN_SUSPICIOUS_MOVE = YES;
				CLANG_WARN_UNGUARDED_AVAILABILITY = YES_AGGRESSIVE;
				CLANG_WARN_UNREACHABLE_CODE = YES;
				CLANG_WARN__DUPLICATE_METHOD_MATCH = YES;
				COPY_PHASE_STRIP = NO;
				DEBUG_INFORMATION_FORMAT = "dwarf-with-dsym";
				ENABLE_NS_ASSERTIONS = NO;
				ENABLE_STRICT_OBJC_MSGSEND = YES;
				ENABLE_USER_SCRIPT_SANDBOXING = YES;
				GCC_C_LANGUAGE_STANDARD = gnu17;
				GCC_NO_COMMON_BLOCKS = YES;
				GCC_WARN_64_TO_32_BIT_CONVERSION = YES;
				GCC_WARN_ABOUT_RETURN_TYPE = YES_ERROR;
				GCC_WARN_UNDECLARED_SELECTOR = YES;
				GCC_WARN_UNINITIALIZED_AUTOS = YES_AGGRESSIVE;
				GCC_WARN_UNUSED_FUNCTION = YES;
				GCC_WARN_UNUSED_VARIABLE = YES;
				IPHONEOS_DEPLOYMENT_TARGET = 17.0;
				LOCALIZATION_PREFERS_STRING_CATALOGS = YES;
				MTL_ENABLE_DEBUG_INFO = NO;
				MTL_FAST_MATH = YES;
				SDKROOT = iphoneos;
				SWIFT_COMPILATION_MODE = wholemodule;
				VALIDATE_PRODUCT = YES;
			};
			name = Release;
		};
		D2AC68342B5A23CD00EE5D38 /* Debug */ = {
			isa = XCBuildConfiguration;
			buildSettings = {
				ASSETCATALOG_COMPILER_APPICON_NAME = AppIcon;
				ASSETCATALOG_COMPILER_GLOBAL_ACCENT_COLOR_NAME = AccentColor;
				CODE_SIGN_STYLE = Automatic;
				CURRENT_PROJECT_VERSION = 1;
				DEVELOPMENT_TEAM = P5V2YWUDU9;
				GENERATE_INFOPLIST_FILE = YES;
				INFOPLIST_FILE = QiitaHackthonApp/Resource/Info.plist;
				INFOPLIST_KEY_UIApplicationSupportsIndirectInputEvents = YES;
				INFOPLIST_KEY_UILaunchStoryboardName = LaunchScreen;
				INFOPLIST_KEY_UISupportedInterfaceOrientations_iPad = "UIInterfaceOrientationPortrait UIInterfaceOrientationPortraitUpsideDown UIInterfaceOrientationLandscapeLeft UIInterfaceOrientationLandscapeRight";
				INFOPLIST_KEY_UISupportedInterfaceOrientations_iPhone = "UIInterfaceOrientationPortrait UIInterfaceOrientationLandscapeLeft UIInterfaceOrientationLandscapeRight";
				IPHONEOS_DEPLOYMENT_TARGET = 15.0;
				LD_RUNPATH_SEARCH_PATHS = (
					"$(inherited)",
					"@executable_path/Frameworks",
				);
				MARKETING_VERSION = 1.0;
				PRODUCT_BUNDLE_IDENTIFIER = jp.oneprogrit.qiitahackthon.ios.QiitaHackthonApp;
				PRODUCT_NAME = "$(TARGET_NAME)";
				SWIFT_EMIT_LOC_STRINGS = YES;
				SWIFT_VERSION = 5.0;
				TARGETED_DEVICE_FAMILY = "1,2";
			};
			name = Debug;
		};
		D2AC68352B5A23CD00EE5D38 /* Release */ = {
			isa = XCBuildConfiguration;
			buildSettings = {
				ASSETCATALOG_COMPILER_APPICON_NAME = AppIcon;
				ASSETCATALOG_COMPILER_GLOBAL_ACCENT_COLOR_NAME = AccentColor;
				CODE_SIGN_STYLE = Automatic;
				CURRENT_PROJECT_VERSION = 1;
				DEVELOPMENT_TEAM = P5V2YWUDU9;
				GENERATE_INFOPLIST_FILE = YES;
				INFOPLIST_FILE = QiitaHackthonApp/Resource/Info.plist;
				INFOPLIST_KEY_UIApplicationSupportsIndirectInputEvents = YES;
				INFOPLIST_KEY_UILaunchStoryboardName = LaunchScreen;
				INFOPLIST_KEY_UISupportedInterfaceOrientations_iPad = "UIInterfaceOrientationPortrait UIInterfaceOrientationPortraitUpsideDown UIInterfaceOrientationLandscapeLeft UIInterfaceOrientationLandscapeRight";
				INFOPLIST_KEY_UISupportedInterfaceOrientations_iPhone = "UIInterfaceOrientationPortrait UIInterfaceOrientationLandscapeLeft UIInterfaceOrientationLandscapeRight";
				IPHONEOS_DEPLOYMENT_TARGET = 15.0;
				LD_RUNPATH_SEARCH_PATHS = (
					"$(inherited)",
					"@executable_path/Frameworks",
				);
				MARKETING_VERSION = 1.0;
				PRODUCT_BUNDLE_IDENTIFIER = jp.oneprogrit.qiitahackthon.ios.QiitaHackthonApp;
				PRODUCT_NAME = "$(TARGET_NAME)";
				SWIFT_EMIT_LOC_STRINGS = YES;
				SWIFT_VERSION = 5.0;
				TARGETED_DEVICE_FAMILY = "1,2";
			};
			name = Release;
		};
		D2AC68372B5A23CD00EE5D38 /* Debug */ = {
			isa = XCBuildConfiguration;
			buildSettings = {
				ALWAYS_EMBED_SWIFT_STANDARD_LIBRARIES = YES;
				BUNDLE_LOADER = "$(TEST_HOST)";
				CODE_SIGN_STYLE = Automatic;
				CURRENT_PROJECT_VERSION = 1;
				GENERATE_INFOPLIST_FILE = YES;
				IPHONEOS_DEPLOYMENT_TARGET = 17.0;
				MARKETING_VERSION = 1.0;
				PRODUCT_BUNDLE_IDENTIFIER = jp.oneprogrit.qiitahackthon.ios.QiitaHackthonAppTests;
				PRODUCT_NAME = "$(TARGET_NAME)";
				SWIFT_EMIT_LOC_STRINGS = NO;
				SWIFT_VERSION = 5.0;
				TARGETED_DEVICE_FAMILY = "1,2";
				TEST_HOST = "$(BUILT_PRODUCTS_DIR)/QiitaHackthonApp.app/$(BUNDLE_EXECUTABLE_FOLDER_PATH)/QiitaHackthonApp";
			};
			name = Debug;
		};
		D2AC68382B5A23CD00EE5D38 /* Release */ = {
			isa = XCBuildConfiguration;
			buildSettings = {
				ALWAYS_EMBED_SWIFT_STANDARD_LIBRARIES = YES;
				BUNDLE_LOADER = "$(TEST_HOST)";
				CODE_SIGN_STYLE = Automatic;
				CURRENT_PROJECT_VERSION = 1;
				GENERATE_INFOPLIST_FILE = YES;
				IPHONEOS_DEPLOYMENT_TARGET = 17.0;
				MARKETING_VERSION = 1.0;
				PRODUCT_BUNDLE_IDENTIFIER = jp.oneprogrit.qiitahackthon.ios.QiitaHackthonAppTests;
				PRODUCT_NAME = "$(TARGET_NAME)";
				SWIFT_EMIT_LOC_STRINGS = NO;
				SWIFT_VERSION = 5.0;
				TARGETED_DEVICE_FAMILY = "1,2";
				TEST_HOST = "$(BUILT_PRODUCTS_DIR)/QiitaHackthonApp.app/$(BUNDLE_EXECUTABLE_FOLDER_PATH)/QiitaHackthonApp";
			};
			name = Release;
		};
		D2AC683A2B5A23CD00EE5D38 /* Debug */ = {
			isa = XCBuildConfiguration;
			buildSettings = {
				ALWAYS_EMBED_SWIFT_STANDARD_LIBRARIES = YES;
				CODE_SIGN_STYLE = Automatic;
				CURRENT_PROJECT_VERSION = 1;
				GENERATE_INFOPLIST_FILE = YES;
				MARKETING_VERSION = 1.0;
				PRODUCT_BUNDLE_IDENTIFIER = jp.oneprogrit.qiitahackthon.ios.QiitaHackthonAppUITests;
				PRODUCT_NAME = "$(TARGET_NAME)";
				SWIFT_EMIT_LOC_STRINGS = NO;
				SWIFT_VERSION = 5.0;
				TARGETED_DEVICE_FAMILY = "1,2";
				TEST_TARGET_NAME = QiitaHackthonApp;
			};
			name = Debug;
		};
		D2AC683B2B5A23CD00EE5D38 /* Release */ = {
			isa = XCBuildConfiguration;
			buildSettings = {
				ALWAYS_EMBED_SWIFT_STANDARD_LIBRARIES = YES;
				CODE_SIGN_STYLE = Automatic;
				CURRENT_PROJECT_VERSION = 1;
				GENERATE_INFOPLIST_FILE = YES;
				MARKETING_VERSION = 1.0;
				PRODUCT_BUNDLE_IDENTIFIER = jp.oneprogrit.qiitahackthon.ios.QiitaHackthonAppUITests;
				PRODUCT_NAME = "$(TARGET_NAME)";
				SWIFT_EMIT_LOC_STRINGS = NO;
				SWIFT_VERSION = 5.0;
				TARGETED_DEVICE_FAMILY = "1,2";
				TEST_TARGET_NAME = QiitaHackthonApp;
			};
			name = Release;
		};
/* End XCBuildConfiguration section */

/* Begin XCConfigurationList section */
		D2AC68042B5A23CB00EE5D38 /* Build configuration list for PBXProject "QiitaHackthonApp" */ = {
			isa = XCConfigurationList;
			buildConfigurations = (
				D2AC68312B5A23CD00EE5D38 /* Debug */,
				D2AC68322B5A23CD00EE5D38 /* Release */,
			);
			defaultConfigurationIsVisible = 0;
			defaultConfigurationName = Release;
		};
		D2AC68332B5A23CD00EE5D38 /* Build configuration list for PBXNativeTarget "QiitaHackthonApp" */ = {
			isa = XCConfigurationList;
			buildConfigurations = (
				D2AC68342B5A23CD00EE5D38 /* Debug */,
				D2AC68352B5A23CD00EE5D38 /* Release */,
			);
			defaultConfigurationIsVisible = 0;
			defaultConfigurationName = Release;
		};
		D2AC68362B5A23CD00EE5D38 /* Build configuration list for PBXNativeTarget "QiitaHackthonAppTests" */ = {
			isa = XCConfigurationList;
			buildConfigurations = (
				D2AC68372B5A23CD00EE5D38 /* Debug */,
				D2AC68382B5A23CD00EE5D38 /* Release */,
			);
			defaultConfigurationIsVisible = 0;
			defaultConfigurationName = Release;
		};
		D2AC68392B5A23CD00EE5D38 /* Build configuration list for PBXNativeTarget "QiitaHackthonAppUITests" */ = {
			isa = XCConfigurationList;
			buildConfigurations = (
				D2AC683A2B5A23CD00EE5D38 /* Debug */,
				D2AC683B2B5A23CD00EE5D38 /* Release */,
			);
			defaultConfigurationIsVisible = 0;
			defaultConfigurationName = Release;
		};
/* End XCConfigurationList section */

/* Begin XCRemoteSwiftPackageReference section */
		D26EC0652B5B9D8300DC407B /* XCRemoteSwiftPackageReference "UIColor-Hex-Swift" */ = {
			isa = XCRemoteSwiftPackageReference;
			repositoryURL = "https://github.com/yeahdongcn/UIColor-Hex-Swift.git";
			requirement = {
				kind = upToNextMajorVersion;
				minimumVersion = 5.1.9;
			};
		};
		EAC193562B7752590025CF3C /* XCRemoteSwiftPackageReference "Then" */ = {
			isa = XCRemoteSwiftPackageReference;
			repositoryURL = "https://github.com/devxoul/Then";
			requirement = {
				kind = upToNextMajorVersion;
				minimumVersion = 3.0.0;
			};
		};
		EAC193692B7768600025CF3C /* XCRemoteSwiftPackageReference "Nuke" */ = {
			isa = XCRemoteSwiftPackageReference;
			repositoryURL = "https://github.com/kean/Nuke";
			requirement = {
				kind = upToNextMajorVersion;
				minimumVersion = 10.5.2;
			};
		};
/* End XCRemoteSwiftPackageReference section */

/* Begin XCSwiftPackageProductDependency section */
		D26EC0662B5B9D8300DC407B /* UIColorHexSwift */ = {
			isa = XCSwiftPackageProductDependency;
			package = D26EC0652B5B9D8300DC407B /* XCRemoteSwiftPackageReference "UIColor-Hex-Swift" */;
			productName = UIColorHexSwift;
		};
		EAC193572B7752590025CF3C /* Then */ = {
			isa = XCSwiftPackageProductDependency;
			package = EAC193562B7752590025CF3C /* XCRemoteSwiftPackageReference "Then" */;
			productName = Then;
		};
		EAC1936A2B7768600025CF3C /* Nuke */ = {
			isa = XCSwiftPackageProductDependency;
			package = EAC193692B7768600025CF3C /* XCRemoteSwiftPackageReference "Nuke" */;
			productName = Nuke;
		};
/* End XCSwiftPackageProductDependency section */
	};
	rootObject = D2AC68012B5A23CB00EE5D38 /* Project object */;
}
